{
  "name": "example-stencilt",
  "version": "0.0.2",
  "lockfileVersion": 1,
  "requires": true,
  "dependencies": {
    "@ionic/core": {
      "version": "5.0.0",
      "resolved": "https://registry.npmjs.org/@ionic/core/-/core-5.0.0.tgz",
      "integrity": "sha512-F+qSeL6Icy34dgpWvXe2ImwtlXrz6KbAthVpy3VSzlbZ5Du8V7xfe4RXXE2TtFsfV1lLOmX1KAgxbYnlMMlYzw==",
      "dev": true,
      "requires": {
        "ionicons": "^5.0.0",
        "tslib": "^1.10.0"
      }
    },
    "@stencil/core": {
      "version": "1.10.1",
      "resolved": "https://registry.npmjs.org/@stencil/core/-/core-1.10.1.tgz",
      "integrity": "sha512-GKmCme53w3R9isNA7ll7MrcaXi8ztQxqgue2TQoRxYW1KzqdcIoTubWKTQa1Jn+6kTmn79hH+ckoAibasFEFgw==",
      "dev": true,
      "requires": {
        "typescript": "3.8.3"
      }
    },
    "ionicons": {
      "version": "5.0.0",
      "resolved": "https://registry.npmjs.org/ionicons/-/ionicons-5.0.0.tgz",
      "integrity": "sha512-tqKI5QyqCQOikbWYIA7teJPPXKfYZhEff8ARvbkOIh7PWbKI7sd0IBJcjhbw/mUilIA7U9Bcdm7qGBPhVWOCWg==",
      "dev": true
    },
    "tslib": {
      "version": "1.10.0",
      "resolved": "https://registry.npmjs.org/tslib/-/tslib-1.10.0.tgz",
      "integrity": "sha512-qOebF53frne81cf0S9B41ByenJ3/IuH8yJKngAX35CmiZySA0khhkovshKK+jGCaMnVomla7gVlIcc3EvKPbTQ==",
      "dev": true
    },
    "typescript": {
      "version": "3.8.3",
      "resolved": "https://registry.npmjs.org/typescript/-/typescript-3.8.3.tgz",
      "integrity": "sha512-MYlEfn5VrLNsgudQTVJeNaQFUAI7DkhnOjdpAp4T+ku1TfQClewlbSuTVHiA+8skNBgaf02TL/kLOvig4y3G8w==",
      "dev": true
    }
  }
}
