{
  "name": "example-stencil",
  "version": "0.0.1",
  "lockfileVersion": 1,
  "requires": true,
  "dependencies": {
    "@ionic/core": {
      "version": "4.11.0",
      "resolved": "https://registry.npmjs.org/@ionic/core/-/core-4.11.0.tgz",
      "integrity": "sha512-lAPDHcEsrZHleEZlMprZj6CjKSik47R8+qX1Kuru+r+JGIrSoDM2mWn3NFULK/PANsCsrQ43DsRUIC5dA6BYiA==",
      "requires": {
        "ionicons": "^4.6.3",
        "tslib": "^1.10.0"
      }
    },
    "@stencil/core": {
      "version": "1.7.1",
      "resolved": "https://registry.npmjs.org/@stencil/core/-/core-1.7.1.tgz",
      "integrity": "sha512-w7hwj+Ovdr0YTc7MD1e9GWz7qm/NoE1E/ye1lrg8xoB2rsvOsCtyDx9vy24UUgZqyvMyc02jDp9aV+n0mnLShw==",
      "dev": true,
      "requires": {
        "typescript": "3.6.3"
      }
    },
    "ionicons": {
      "version": "4.6.3",
      "resolved": "https://registry.npmjs.org/ionicons/-/ionicons-4.6.3.tgz",
      "integrity": "sha512-cgP+VIr2cTJpMfFyVHTerq6n2jeoiGboVoe3GlaAo5zoSBDAEXORwUZhv6m+lCyxlsHCS3nqPUE+MKyZU71t8Q=="
    },
    "tslib": {
      "version": "1.10.0",
      "resolved": "https://registry.npmjs.org/tslib/-/tslib-1.10.0.tgz",
      "integrity": "sha512-qOebF53frne81cf0S9B41ByenJ3/IuH8yJKngAX35CmiZySA0khhkovshKK+jGCaMnVomla7gVlIcc3EvKPbTQ=="
    },
    "typescript": {
      "version": "3.6.3",
      "resolved": "https://registry.npmjs.org/typescript/-/typescript-3.6.3.tgz",
      "integrity": "sha512-N7bceJL1CtRQ2RiG0AQME13ksR7DiuQh/QehubYcghzv20tnh+MQnQIuJddTmsbqYj+dztchykemz0zFzlvdQw==",
      "dev": true
    }
  }
}
